// !$*UTF8*$!
{
	archiveVersion = 1;
	classes = {
	};
	objectVersion = 56;
	objects = {

/* Begin PBXBuildFile section */
		F40413362A90E04700871FEE /* MovieCodable.swift in Sources */ = {isa = PBXBuildFile; fileRef = F40413352A90E04700871FEE /* MovieCodable.swift */; };
		F40413382A90E09400871FEE /* GenreStruct.swift in Sources */ = {isa = PBXBuildFile; fileRef = F40413372A90E09400871FEE /* GenreStruct.swift */; };
		F404133C2A90E66F00871FEE /* CastCodable.swift in Sources */ = {isa = PBXBuildFile; fileRef = F404133B2A90E66F00871FEE /* CastCodable.swift */; };
		F40413402A90E6E900871FEE /* movieStruct.swift in Sources */ = {isa = PBXBuildFile; fileRef = F404133F2A90E6E900871FEE /* movieStruct.swift */; };
		F406C6F82A9E32D100054800 /* ProfileViewController.swift in Sources */ = {isa = PBXBuildFile; fileRef = F406C6F72A9E32D100054800 /* ProfileViewController.swift */; };
		F406C6FB2A9E331600054800 /* BaseView.swift in Sources */ = {isa = PBXBuildFile; fileRef = F406C6FA2A9E331600054800 /* BaseView.swift */; };
		F406C6FD2A9E337E00054800 /* ProfileView.swift in Sources */ = {isa = PBXBuildFile; fileRef = F406C6FC2A9E337E00054800 /* ProfileView.swift */; };
		F406C7002A9E390200054800 /* ProfileLabel.swift in Sources */ = {isa = PBXBuildFile; fileRef = F406C6FF2A9E390200054800 /* ProfileLabel.swift */; };
		F406C7032A9E3A4C00054800 /* ProfileButton.swift in Sources */ = {isa = PBXBuildFile; fileRef = F406C7022A9E3A4C00054800 /* ProfileButton.swift */; };
		F406C7072A9E417800054800 /* EditViewController.swift in Sources */ = {isa = PBXBuildFile; fileRef = F406C7062A9E417800054800 /* EditViewController.swift */; };
		F406C7092A9E41CA00054800 /* EditView.swift in Sources */ = {isa = PBXBuildFile; fileRef = F406C7082A9E41CA00054800 /* EditView.swift */; };
		F41250B52A9CDC3C00BB77E7 /* BaseViewController.swift in Sources */ = {isa = PBXBuildFile; fileRef = F41250B42A9CDC3C00BB77E7 /* BaseViewController.swift */; };
		F41250B72A9CE11F00BB77E7 /* BaseCollectionViewCell.swift in Sources */ = {isa = PBXBuildFile; fileRef = F41250B62A9CE11F00BB77E7 /* BaseCollectionViewCell.swift */; };
		F41A4B402A87980800CDD95E /* AppDelegate.swift in Sources */ = {isa = PBXBuildFile; fileRef = F41A4B3F2A87980800CDD95E /* AppDelegate.swift */; };
		F41A4B422A87980800CDD95E /* SceneDelegate.swift in Sources */ = {isa = PBXBuildFile; fileRef = F41A4B412A87980800CDD95E /* SceneDelegate.swift */; };
		F41A4B442A87980800CDD95E /* TrendViewController.swift in Sources */ = {isa = PBXBuildFile; fileRef = F41A4B432A87980800CDD95E /* TrendViewController.swift */; };
		F41A4B472A87980800CDD95E /* Main.storyboard in Resources */ = {isa = PBXBuildFile; fileRef = F41A4B452A87980800CDD95E /* Main.storyboard */; };
		F41A4B492A87980900CDD95E /* Assets.xcassets in Resources */ = {isa = PBXBuildFile; fileRef = F41A4B482A87980900CDD95E /* Assets.xcassets */; };
		F41A4B4C2A87980900CDD95E /* LaunchScreen.storyboard in Resources */ = {isa = PBXBuildFile; fileRef = F41A4B4A2A87980900CDD95E /* LaunchScreen.storyboard */; };
		F41A4B542A879EA600CDD95E /* CreditViewController.swift in Sources */ = {isa = PBXBuildFile; fileRef = F41A4B532A879EA600CDD95E /* CreditViewController.swift */; };
		F41A4B562A879ED800CDD95E /* .gitignore in Resources */ = {isa = PBXBuildFile; fileRef = F41A4B552A879ED800CDD95E /* .gitignore */; };
		F41A4B582A879EF500CDD95E /* APIKey.swift in Sources */ = {isa = PBXBuildFile; fileRef = F41A4B572A879EF500CDD95E /* APIKey.swift */; };
		F41A4B5A2A89102200CDD95E /* TrendCollectionViewCell.swift in Sources */ = {isa = PBXBuildFile; fileRef = F41A4B592A89102200CDD95E /* TrendCollectionViewCell.swift */; };
		F41A4B5E2A8914E600CDD95E /* CastTableViewCell.swift in Sources */ = {isa = PBXBuildFile; fileRef = F41A4B5D2A8914E600CDD95E /* CastTableViewCell.swift */; };
		F41A4B622A8BA54200CDD95E /* OverviewTableViewCell.swift in Sources */ = {isa = PBXBuildFile; fileRef = F41A4B612A8BA54200CDD95E /* OverviewTableViewCell.swift */; };
		F41A4B682A8BA69700CDD95E /* SwiftyJSON in Frameworks */ = {isa = PBXBuildFile; productRef = F41A4B672A8BA69700CDD95E /* SwiftyJSON */; };
		F41A4B6B2A8BA6A000CDD95E /* Alamofire in Frameworks */ = {isa = PBXBuildFile; productRef = F41A4B6A2A8BA6A000CDD95E /* Alamofire */; };
		F41A4B852A8D04A600CDD95E /* castStruct.swift in Sources */ = {isa = PBXBuildFile; fileRef = F41A4B842A8D04A600CDD95E /* castStruct.swift */; };
		F47E56BE2A9B908600F55C37 /* SimilarTableViewCell.swift in Sources */ = {isa = PBXBuildFile; fileRef = F47E56BD2A9B908600F55C37 /* SimilarTableViewCell.swift */; };
		F47E56C02A9B936700F55C37 /* VideoCodable.swift in Sources */ = {isa = PBXBuildFile; fileRef = F47E56BF2A9B936700F55C37 /* VideoCodable.swift */; };
		F497DB082A999C8E00817499 /* NetworkManager.swift in Sources */ = {isa = PBXBuildFile; fileRef = F497DB072A999C8E00817499 /* NetworkManager.swift */; };
		F497DB0B2A999CE800817499 /* URL+Extenstion.swift in Sources */ = {isa = PBXBuildFile; fileRef = F497DB0A2A999CE800817499 /* URL+Extenstion.swift */; };
		F497DB0D2A999DB300817499 /* Endpoint.swift in Sources */ = {isa = PBXBuildFile; fileRef = F497DB0C2A999DB300817499 /* Endpoint.swift */; };
		F497DB0F2A9A425F00817499 /* VideoTableViewCell.swift in Sources */ = {isa = PBXBuildFile; fileRef = F497DB0E2A9A425F00817499 /* VideoTableViewCell.swift */; };
		F497DB112A9A487E00817499 /* SimilarViewController.swift in Sources */ = {isa = PBXBuildFile; fileRef = F497DB102A9A487E00817499 /* SimilarViewController.swift */; };
		F4D1B4EF2A93AD9E006A0B57 /* RecommendationTableViewCell.swift in Sources */ = {isa = PBXBuildFile; fileRef = F4D1B4EE2A93AD9E006A0B57 /* RecommendationTableViewCell.swift */; };
		F4E10ACC2A98E8EC001B46BE /* IntroPageViewController.swift in Sources */ = {isa = PBXBuildFile; fileRef = F4E10ACB2A98E8EC001B46BE /* IntroPageViewController.swift */; };
		F4E10AD02A98E958001B46BE /* imagePathEnum.swift in Sources */ = {isa = PBXBuildFile; fileRef = F4E10ACF2A98E958001B46BE /* imagePathEnum.swift */; };
		F4E10AD22A98E9AC001B46BE /* FirstViewController.swift in Sources */ = {isa = PBXBuildFile; fileRef = F4E10AD12A98E9AC001B46BE /* FirstViewController.swift */; };
		F4E10AD42A98E9B2001B46BE /* SecondViewController.swift in Sources */ = {isa = PBXBuildFile; fileRef = F4E10AD32A98E9B2001B46BE /* SecondViewController.swift */; };
		F4E10AD82A98EAC4001B46BE /* SnapKit in Frameworks */ = {isa = PBXBuildFile; productRef = F4E10AD72A98EAC4001B46BE /* SnapKit */; };
		F4E10ADA2A98EB25001B46BE /* IntroLabelClass.swift in Sources */ = {isa = PBXBuildFile; fileRef = F4E10AD92A98EB25001B46BE /* IntroLabelClass.swift */; };
/* End PBXBuildFile section */

/* Begin PBXFileReference section */
		F40413352A90E04700871FEE /* MovieCodable.swift */ = {isa = PBXFileReference; lastKnownFileType = sourcecode.swift; path = MovieCodable.swift; sourceTree = "<group>"; };
		F40413372A90E09400871FEE /* GenreStruct.swift */ = {isa = PBXFileReference; lastKnownFileType = sourcecode.swift; path = GenreStruct.swift; sourceTree = "<group>"; };
		F404133B2A90E66F00871FEE /* CastCodable.swift */ = {isa = PBXFileReference; lastKnownFileType = sourcecode.swift; path = CastCodable.swift; sourceTree = "<group>"; };
		F404133F2A90E6E900871FEE /* movieStruct.swift */ = {isa = PBXFileReference; fileEncoding = 4; lastKnownFileType = sourcecode.swift; path = movieStruct.swift; sourceTree = "<group>"; };
		F406C6F72A9E32D100054800 /* ProfileViewController.swift */ = {isa = PBXFileReference; lastKnownFileType = sourcecode.swift; path = ProfileViewController.swift; sourceTree = "<group>"; };
		F406C6FA2A9E331600054800 /* BaseView.swift */ = {isa = PBXFileReference; lastKnownFileType = sourcecode.swift; path = BaseView.swift; sourceTree = "<group>"; };
		F406C6FC2A9E337E00054800 /* ProfileView.swift */ = {isa = PBXFileReference; lastKnownFileType = sourcecode.swift; path = ProfileView.swift; sourceTree = "<group>"; };
		F406C6FF2A9E390200054800 /* ProfileLabel.swift */ = {isa = PBXFileReference; lastKnownFileType = sourcecode.swift; path = ProfileLabel.swift; sourceTree = "<group>"; };
		F406C7022A9E3A4C00054800 /* ProfileButton.swift */ = {isa = PBXFileReference; lastKnownFileType = sourcecode.swift; path = ProfileButton.swift; sourceTree = "<group>"; };
		F406C7062A9E417800054800 /* EditViewController.swift */ = {isa = PBXFileReference; lastKnownFileType = sourcecode.swift; path = EditViewController.swift; sourceTree = "<group>"; };
		F406C7082A9E41CA00054800 /* EditView.swift */ = {isa = PBXFileReference; lastKnownFileType = sourcecode.swift; path = EditView.swift; sourceTree = "<group>"; };
		F41250B42A9CDC3C00BB77E7 /* BaseViewController.swift */ = {isa = PBXFileReference; lastKnownFileType = sourcecode.swift; path = BaseViewController.swift; sourceTree = "<group>"; };
		F41250B62A9CE11F00BB77E7 /* BaseCollectionViewCell.swift */ = {isa = PBXFileReference; lastKnownFileType = sourcecode.swift; path = BaseCollectionViewCell.swift; sourceTree = "<group>"; };
		F41A4B3C2A87980800CDD95E /* Media.app */ = {isa = PBXFileReference; explicitFileType = wrapper.application; includeInIndex = 0; path = Media.app; sourceTree = BUILT_PRODUCTS_DIR; };
		F41A4B3F2A87980800CDD95E /* AppDelegate.swift */ = {isa = PBXFileReference; lastKnownFileType = sourcecode.swift; path = AppDelegate.swift; sourceTree = "<group>"; };
		F41A4B412A87980800CDD95E /* SceneDelegate.swift */ = {isa = PBXFileReference; lastKnownFileType = sourcecode.swift; path = SceneDelegate.swift; sourceTree = "<group>"; };
		F41A4B432A87980800CDD95E /* TrendViewController.swift */ = {isa = PBXFileReference; lastKnownFileType = sourcecode.swift; path = TrendViewController.swift; sourceTree = "<group>"; };
		F41A4B462A87980800CDD95E /* Base */ = {isa = PBXFileReference; lastKnownFileType = file.storyboard; name = Base; path = Base.lproj/Main.storyboard; sourceTree = "<group>"; };
		F41A4B482A87980900CDD95E /* Assets.xcassets */ = {isa = PBXFileReference; lastKnownFileType = folder.assetcatalog; path = Assets.xcassets; sourceTree = "<group>"; };
		F41A4B4B2A87980900CDD95E /* Base */ = {isa = PBXFileReference; lastKnownFileType = file.storyboard; name = Base; path = Base.lproj/LaunchScreen.storyboard; sourceTree = "<group>"; };
		F41A4B4D2A87980900CDD95E /* Info.plist */ = {isa = PBXFileReference; lastKnownFileType = text.plist.xml; path = Info.plist; sourceTree = "<group>"; };
		F41A4B532A879EA600CDD95E /* CreditViewController.swift */ = {isa = PBXFileReference; lastKnownFileType = sourcecode.swift; path = CreditViewController.swift; sourceTree = "<group>"; };
		F41A4B552A879ED800CDD95E /* .gitignore */ = {isa = PBXFileReference; lastKnownFileType = text; path = .gitignore; sourceTree = "<group>"; };
		F41A4B572A879EF500CDD95E /* APIKey.swift */ = {isa = PBXFileReference; lastKnownFileType = sourcecode.swift; path = APIKey.swift; sourceTree = "<group>"; };
		F41A4B592A89102200CDD95E /* TrendCollectionViewCell.swift */ = {isa = PBXFileReference; lastKnownFileType = sourcecode.swift; path = TrendCollectionViewCell.swift; sourceTree = "<group>"; };
		F41A4B5D2A8914E600CDD95E /* CastTableViewCell.swift */ = {isa = PBXFileReference; lastKnownFileType = sourcecode.swift; path = CastTableViewCell.swift; sourceTree = "<group>"; };
		F41A4B612A8BA54200CDD95E /* OverviewTableViewCell.swift */ = {isa = PBXFileReference; lastKnownFileType = sourcecode.swift; name = OverviewTableViewCell.swift; path = Media/OverviewTableViewCell.swift; sourceTree = SOURCE_ROOT; };
		F41A4B842A8D04A600CDD95E /* castStruct.swift */ = {isa = PBXFileReference; lastKnownFileType = sourcecode.swift; path = castStruct.swift; sourceTree = "<group>"; };
		F47E56BD2A9B908600F55C37 /* SimilarTableViewCell.swift */ = {isa = PBXFileReference; lastKnownFileType = sourcecode.swift; path = SimilarTableViewCell.swift; sourceTree = SOURCE_ROOT; };
		F47E56BF2A9B936700F55C37 /* VideoCodable.swift */ = {isa = PBXFileReference; lastKnownFileType = sourcecode.swift; path = VideoCodable.swift; sourceTree = "<group>"; };
		F497DB072A999C8E00817499 /* NetworkManager.swift */ = {isa = PBXFileReference; lastKnownFileType = sourcecode.swift; path = NetworkManager.swift; sourceTree = "<group>"; };
		F497DB0A2A999CE800817499 /* URL+Extenstion.swift */ = {isa = PBXFileReference; lastKnownFileType = sourcecode.swift; path = "URL+Extenstion.swift"; sourceTree = "<group>"; };
		F497DB0C2A999DB300817499 /* Endpoint.swift */ = {isa = PBXFileReference; lastKnownFileType = sourcecode.swift; path = Endpoint.swift; sourceTree = "<group>"; };
		F497DB0E2A9A425F00817499 /* VideoTableViewCell.swift */ = {isa = PBXFileReference; lastKnownFileType = sourcecode.swift; name = VideoTableViewCell.swift; path = Media/VideoTableViewCell.swift; sourceTree = SOURCE_ROOT; };
		F497DB102A9A487E00817499 /* SimilarViewController.swift */ = {isa = PBXFileReference; lastKnownFileType = sourcecode.swift; name = SimilarViewController.swift; path = Media/VC/SimilarViewController.swift; sourceTree = SOURCE_ROOT; };
		F4D1B4EE2A93AD9E006A0B57 /* RecommendationTableViewCell.swift */ = {isa = PBXFileReference; lastKnownFileType = sourcecode.swift; path = RecommendationTableViewCell.swift; sourceTree = SOURCE_ROOT; };
		F4E10ACB2A98E8EC001B46BE /* IntroPageViewController.swift */ = {isa = PBXFileReference; lastKnownFileType = sourcecode.swift; path = IntroPageViewController.swift; sourceTree = "<group>"; };
		F4E10ACF2A98E958001B46BE /* imagePathEnum.swift */ = {isa = PBXFileReference; fileEncoding = 4; lastKnownFileType = sourcecode.swift; name = imagePathEnum.swift; path = struct/imagePathEnum.swift; sourceTree = "<group>"; };
		F4E10AD12A98E9AC001B46BE /* FirstViewController.swift */ = {isa = PBXFileReference; lastKnownFileType = sourcecode.swift; path = FirstViewController.swift; sourceTree = "<group>"; };
		F4E10AD32A98E9B2001B46BE /* SecondViewController.swift */ = {isa = PBXFileReference; lastKnownFileType = sourcecode.swift; path = SecondViewController.swift; sourceTree = "<group>"; };
		F4E10AD92A98EB25001B46BE /* IntroLabelClass.swift */ = {isa = PBXFileReference; lastKnownFileType = sourcecode.swift; path = IntroLabelClass.swift; sourceTree = "<group>"; };
/* End PBXFileReference section */

/* Begin PBXFrameworksBuildPhase section */
		F41A4B392A87980800CDD95E /* Frameworks */ = {
			isa = PBXFrameworksBuildPhase;
			buildActionMask = 2147483647;
			files = (
				F4E10AD82A98EAC4001B46BE /* SnapKit in Frameworks */,
				F41A4B6B2A8BA6A000CDD95E /* Alamofire in Frameworks */,
				F41A4B682A8BA69700CDD95E /* SwiftyJSON in Frameworks */,
			);
			runOnlyForDeploymentPostprocessing = 0;
		};
/* End PBXFrameworksBuildPhase section */

/* Begin PBXGroup section */
		F404133D2A90E69500871FEE /* Codable */ = {
			isa = PBXGroup;
			children = (
				F40413352A90E04700871FEE /* MovieCodable.swift */,
				F404133B2A90E66F00871FEE /* CastCodable.swift */,
				F47E56BF2A9B936700F55C37 /* VideoCodable.swift */,
			);
			path = Codable;
			sourceTree = "<group>";
		};
		F404133E2A90E6A200871FEE /* JSON */ = {
			isa = PBXGroup;
			children = (
				F41A4B842A8D04A600CDD95E /* castStruct.swift */,
				F404133F2A90E6E900871FEE /* movieStruct.swift */,
			);
			path = JSON;
			sourceTree = "<group>";
		};
		F406C6F92A9E330600054800 /* View */ = {
			isa = PBXGroup;
			children = (
				F406C6FA2A9E331600054800 /* BaseView.swift */,
				F406C6FC2A9E337E00054800 /* ProfileView.swift */,
				F406C7082A9E41CA00054800 /* EditView.swift */,
			);
			path = View;
			sourceTree = "<group>";
		};
		F406C6FE2A9E38DE00054800 /* CustomClass */ = {
			isa = PBXGroup;
			children = (
				F406C6FF2A9E390200054800 /* ProfileLabel.swift */,
				F406C7022A9E3A4C00054800 /* ProfileButton.swift */,
			);
			path = CustomClass;
			sourceTree = "<group>";
		};
		F406C7042A9E412E00054800 /* Assignment0829 */ = {
			isa = PBXGroup;
			children = (
				F406C7052A9E415B00054800 /* VC */,
				F406C6F92A9E330600054800 /* View */,
				F406C6FE2A9E38DE00054800 /* CustomClass */,
			);
			path = Assignment0829;
			sourceTree = "<group>";
		};
		F406C7052A9E415B00054800 /* VC */ = {
			isa = PBXGroup;
			children = (
				F406C6F72A9E32D100054800 /* ProfileViewController.swift */,
				F406C7062A9E417800054800 /* EditViewController.swift */,
			);
			path = VC;
			sourceTree = "<group>";
		};
		F41A4B332A87980800CDD95E = {
			isa = PBXGroup;
			children = (
				F41A4B3E2A87980800CDD95E /* Media */,
				F41A4B3D2A87980800CDD95E /* Products */,
			);
			sourceTree = "<group>";
		};
		F41A4B3D2A87980800CDD95E /* Products */ = {
			isa = PBXGroup;
			children = (
				F41A4B3C2A87980800CDD95E /* Media.app */,
			);
			name = Products;
			sourceTree = "<group>";
		};
		F41A4B3E2A87980800CDD95E /* Media */ = {
			isa = PBXGroup;
			children = (
				F406C7042A9E412E00054800 /* Assignment0829 */,
				F4E10ACE2A98E911001B46BE /* Swift */,
				F4E10ACD2A98E8F9001B46BE /* PageScroll */,
				F41A4B5C2A8914CA00CDD95E /* Cell */,
				F41A4B5B2A8914BA00CDD95E /* VC */,
				F41A4B3F2A87980800CDD95E /* AppDelegate.swift */,
				F41A4B412A87980800CDD95E /* SceneDelegate.swift */,
				F41A4B452A87980800CDD95E /* Main.storyboard */,
				F41A4B552A879ED800CDD95E /* .gitignore */,
				F41A4B572A879EF500CDD95E /* APIKey.swift */,
				F41A4B482A87980900CDD95E /* Assets.xcassets */,
				F41A4B4A2A87980900CDD95E /* LaunchScreen.storyboard */,
				F41A4B4D2A87980900CDD95E /* Info.plist */,
			);
			path = Media;
			sourceTree = "<group>";
		};
		F41A4B5B2A8914BA00CDD95E /* VC */ = {
			isa = PBXGroup;
			children = (
				F41A4B432A87980800CDD95E /* TrendViewController.swift */,
				F41A4B532A879EA600CDD95E /* CreditViewController.swift */,
				F497DB102A9A487E00817499 /* SimilarViewController.swift */,
				F41250B42A9CDC3C00BB77E7 /* BaseViewController.swift */,
			);
			path = VC;
			sourceTree = "<group>";
		};
		F41A4B5C2A8914CA00CDD95E /* Cell */ = {
			isa = PBXGroup;
			children = (
				F47E56BD2A9B908600F55C37 /* SimilarTableViewCell.swift */,
				F497DB0E2A9A425F00817499 /* VideoTableViewCell.swift */,
				F4D1B4EE2A93AD9E006A0B57 /* RecommendationTableViewCell.swift */,
				F41A4B612A8BA54200CDD95E /* OverviewTableViewCell.swift */,
				F41A4B592A89102200CDD95E /* TrendCollectionViewCell.swift */,
				F41A4B5D2A8914E600CDD95E /* CastTableViewCell.swift */,
				F41250B62A9CE11F00BB77E7 /* BaseCollectionViewCell.swift */,
			);
			path = Cell;
			sourceTree = "<group>";
		};
		F41A4B832A8D047B00CDD95E /* struct */ = {
			isa = PBXGroup;
			children = (
				F404133E2A90E6A200871FEE /* JSON */,
				F404133D2A90E69500871FEE /* Codable */,
				F40413372A90E09400871FEE /* GenreStruct.swift */,
			);
			path = struct;
			sourceTree = "<group>";
		};
		F497DB092A999CD500817499 /* Networking */ = {
			isa = PBXGroup;
			children = (
				F497DB0A2A999CE800817499 /* URL+Extenstion.swift */,
				F497DB0C2A999DB300817499 /* Endpoint.swift */,
				F497DB072A999C8E00817499 /* NetworkManager.swift */,
			);
			path = Networking;
			sourceTree = "<group>";
		};
		F4E10ACD2A98E8F9001B46BE /* PageScroll */ = {
			isa = PBXGroup;
			children = (
				F4E10ACB2A98E8EC001B46BE /* IntroPageViewController.swift */,
				F4E10AD12A98E9AC001B46BE /* FirstViewController.swift */,
				F4E10AD32A98E9B2001B46BE /* SecondViewController.swift */,
			);
			path = PageScroll;
			sourceTree = "<group>";
		};
		F4E10ACE2A98E911001B46BE /* Swift */ = {
			isa = PBXGroup;
			children = (
				F497DB092A999CD500817499 /* Networking */,
				F4E10AD92A98EB25001B46BE /* IntroLabelClass.swift */,
				F4E10ACF2A98E958001B46BE /* imagePathEnum.swift */,
				F41A4B832A8D047B00CDD95E /* struct */,
			);
			path = Swift;
			sourceTree = "<group>";
		};
/* End PBXGroup section */

/* Begin PBXNativeTarget section */
		F41A4B3B2A87980800CDD95E /* Media */ = {
			isa = PBXNativeTarget;
			buildConfigurationList = F41A4B502A87980900CDD95E /* Build configuration list for PBXNativeTarget "Media" */;
			buildPhases = (
				F41A4B382A87980800CDD95E /* Sources */,
				F41A4B392A87980800CDD95E /* Frameworks */,
				F41A4B3A2A87980800CDD95E /* Resources */,
			);
			buildRules = (
			);
			dependencies = (
			);
			name = Media;
			packageProductDependencies = (
				F41A4B672A8BA69700CDD95E /* SwiftyJSON */,
				F41A4B6A2A8BA6A000CDD95E /* Alamofire */,
				F4E10AD72A98EAC4001B46BE /* SnapKit */,
			);
			productName = Media;
			productReference = F41A4B3C2A87980800CDD95E /* Media.app */;
			productType = "com.apple.product-type.application";
		};
/* End PBXNativeTarget section */

/* Begin PBXProject section */
		F41A4B342A87980800CDD95E /* Project object */ = {
			isa = PBXProject;
			attributes = {
				BuildIndependentTargetsInParallel = 1;
				LastSwiftUpdateCheck = 1430;
				LastUpgradeCheck = 1430;
				TargetAttributes = {
					F41A4B3B2A87980800CDD95E = {
						CreatedOnToolsVersion = 14.3.1;
					};
				};
			};
			buildConfigurationList = F41A4B372A87980800CDD95E /* Build configuration list for PBXProject "Media" */;
			compatibilityVersion = "Xcode 14.0";
			developmentRegion = en;
			hasScannedForEncodings = 0;
			knownRegions = (
				en,
				Base,
			);
			mainGroup = F41A4B332A87980800CDD95E;
			packageReferences = (
				F41A4B662A8BA69700CDD95E /* XCRemoteSwiftPackageReference "SwiftyJSON" */,
				F41A4B692A8BA6A000CDD95E /* XCRemoteSwiftPackageReference "Alamofire" */,
				F4E10AD62A98EAC4001B46BE /* XCRemoteSwiftPackageReference "SnapKit" */,
			);
			productRefGroup = F41A4B3D2A87980800CDD95E /* Products */;
			projectDirPath = "";
			projectRoot = "";
			targets = (
				F41A4B3B2A87980800CDD95E /* Media */,
			);
		};
/* End PBXProject section */

/* Begin PBXResourcesBuildPhase section */
		F41A4B3A2A87980800CDD95E /* Resources */ = {
			isa = PBXResourcesBuildPhase;
			buildActionMask = 2147483647;
			files = (
				F41A4B562A879ED800CDD95E /* .gitignore in Resources */,
				F41A4B4C2A87980900CDD95E /* LaunchScreen.storyboard in Resources */,
				F41A4B492A87980900CDD95E /* Assets.xcassets in Resources */,
				F41A4B472A87980800CDD95E /* Main.storyboard in Resources */,
			);
			runOnlyForDeploymentPostprocessing = 0;
		};
/* End PBXResourcesBuildPhase section */

/* Begin PBXSourcesBuildPhase section */
		F41A4B382A87980800CDD95E /* Sources */ = {
			isa = PBXSourcesBuildPhase;
			buildActionMask = 2147483647;
			files = (
				F4E10ACC2A98E8EC001B46BE /* IntroPageViewController.swift in Sources */,
				F41250B72A9CE11F00BB77E7 /* BaseCollectionViewCell.swift in Sources */,
				F41A4B622A8BA54200CDD95E /* OverviewTableViewCell.swift in Sources */,
				F406C7032A9E3A4C00054800 /* ProfileButton.swift in Sources */,
				F41A4B442A87980800CDD95E /* TrendViewController.swift in Sources */,
				F4E10AD02A98E958001B46BE /* imagePathEnum.swift in Sources */,
				F41A4B402A87980800CDD95E /* AppDelegate.swift in Sources */,
				F41250B52A9CDC3C00BB77E7 /* BaseViewController.swift in Sources */,
				F497DB0F2A9A425F00817499 /* VideoTableViewCell.swift in Sources */,
				F41A4B5E2A8914E600CDD95E /* CastTableViewCell.swift in Sources */,
				F4E10ADA2A98EB25001B46BE /* IntroLabelClass.swift in Sources */,
				F406C7092A9E41CA00054800 /* EditView.swift in Sources */,
				F41A4B5A2A89102200CDD95E /* TrendCollectionViewCell.swift in Sources */,
				F47E56C02A9B936700F55C37 /* VideoCodable.swift in Sources */,
				F497DB0B2A999CE800817499 /* URL+Extenstion.swift in Sources */,
				F406C6F82A9E32D100054800 /* ProfileViewController.swift in Sources */,
				F40413402A90E6E900871FEE /* movieStruct.swift in Sources */,
				F41A4B422A87980800CDD95E /* SceneDelegate.swift in Sources */,
				F4E10AD22A98E9AC001B46BE /* FirstViewController.swift in Sources */,
				F40413382A90E09400871FEE /* GenreStruct.swift in Sources */,
				F406C6FD2A9E337E00054800 /* ProfileView.swift in Sources */,
				F497DB082A999C8E00817499 /* NetworkManager.swift in Sources */,
				F4D1B4EF2A93AD9E006A0B57 /* RecommendationTableViewCell.swift in Sources */,
				F4E10AD42A98E9B2001B46BE /* SecondViewController.swift in Sources */,
				F40413362A90E04700871FEE /* MovieCodable.swift in Sources */,
				F406C7072A9E417800054800 /* EditViewController.swift in Sources */,
				F497DB112A9A487E00817499 /* SimilarViewController.swift in Sources */,
				F41A4B542A879EA600CDD95E /* CreditViewController.swift in Sources */,
				F41A4B852A8D04A600CDD95E /* castStruct.swift in Sources */,
				F47E56BE2A9B908600F55C37 /* SimilarTableViewCell.swift in Sources */,
				F41A4B582A879EF500CDD95E /* APIKey.swift in Sources */,
				F406C6FB2A9E331600054800 /* BaseView.swift in Sources */,
				F497DB0D2A999DB300817499 /* Endpoint.swift in Sources */,
				F406C7002A9E390200054800 /* ProfileLabel.swift in Sources */,
				F404133C2A90E66F00871FEE /* CastCodable.swift in Sources */,
			);
			runOnlyForDeploymentPostprocessing = 0;
		};
/* End PBXSourcesBuildPhase section */

/* Begin PBXVariantGroup section */
		F41A4B452A87980800CDD95E /* Main.storyboard */ = {
			isa = PBXVariantGroup;
			children = (
				F41A4B462A87980800CDD95E /* Base */,
			);
			name = Main.storyboard;
			sourceTree = "<group>";
		};
		F41A4B4A2A87980900CDD95E /* LaunchScreen.storyboard */ = {
			isa = PBXVariantGroup;
			children = (
				F41A4B4B2A87980900CDD95E /* Base */,
			);
			name = LaunchScreen.storyboard;
			sourceTree = "<group>";
		};
/* End PBXVariantGroup section */

/* Begin XCBuildConfiguration section */
		F41A4B4E2A87980900CDD95E /* Debug */ = {
			isa = XCBuildConfiguration;
			buildSettings = {
				ALWAYS_SEARCH_USER_PATHS = NO;
				CLANG_ANALYZER_NONNULL = YES;
				CLANG_ANALYZER_NUMBER_OBJECT_CONVERSION = YES_AGGRESSIVE;
				CLANG_CXX_LANGUAGE_STANDARD = "gnu++20";
				CLANG_ENABLE_MODULES = YES;
				CLANG_ENABLE_OBJC_ARC = YES;
				CLANG_ENABLE_OBJC_WEAK = YES;
				CLANG_WARN_BLOCK_CAPTURE_AUTORELEASING = YES;
				CLANG_WARN_BOOL_CONVERSION = YES;
				CLANG_WARN_COMMA = YES;
				CLANG_WARN_CONSTANT_CONVERSION = YES;
				CLANG_WARN_DEPRECATED_OBJC_IMPLEMENTATIONS = YES;
				CLANG_WARN_DIRECT_OBJC_ISA_USAGE = YES_ERROR;
				CLANG_WARN_DOCUMENTATION_COMMENTS = YES;
				CLANG_WARN_EMPTY_BODY = YES;
				CLANG_WARN_ENUM_CONVERSION = YES;
				CLANG_WARN_INFINITE_RECURSION = YES;
				CLANG_WARN_INT_CONVERSION = YES;
				CLANG_WARN_NON_LITERAL_NULL_CONVERSION = YES;
				CLANG_WARN_OBJC_IMPLICIT_RETAIN_SELF = YES;
				CLANG_WARN_OBJC_LITERAL_CONVERSION = YES;
				CLANG_WARN_OBJC_ROOT_CLASS = YES_ERROR;
				CLANG_WARN_QUOTED_INCLUDE_IN_FRAMEWORK_HEADER = YES;
				CLANG_WARN_RANGE_LOOP_ANALYSIS = YES;
				CLANG_WARN_STRICT_PROTOTYPES = YES;
				CLANG_WARN_SUSPICIOUS_MOVE = YES;
				CLANG_WARN_UNGUARDED_AVAILABILITY = YES_AGGRESSIVE;
				CLANG_WARN_UNREACHABLE_CODE = YES;
				CLANG_WARN__DUPLICATE_METHOD_MATCH = YES;
				COPY_PHASE_STRIP = NO;
				DEBUG_INFORMATION_FORMAT = dwarf;
				ENABLE_STRICT_OBJC_MSGSEND = YES;
				ENABLE_TESTABILITY = YES;
				GCC_C_LANGUAGE_STANDARD = gnu11;
				GCC_DYNAMIC_NO_PIC = NO;
				GCC_NO_COMMON_BLOCKS = YES;
				GCC_OPTIMIZATION_LEVEL = 0;
				GCC_PREPROCESSOR_DEFINITIONS = (
					"DEBUG=1",
					"$(inherited)",
				);
				GCC_WARN_64_TO_32_BIT_CONVERSION = YES;
				GCC_WARN_ABOUT_RETURN_TYPE = YES_ERROR;
				GCC_WARN_UNDECLARED_SELECTOR = YES;
				GCC_WARN_UNINITIALIZED_AUTOS = YES_AGGRESSIVE;
				GCC_WARN_UNUSED_FUNCTION = YES;
				GCC_WARN_UNUSED_VARIABLE = YES;
				IPHONEOS_DEPLOYMENT_TARGET = 16.4;
				MTL_ENABLE_DEBUG_INFO = INCLUDE_SOURCE;
				MTL_FAST_MATH = YES;
				ONLY_ACTIVE_ARCH = YES;
				SDKROOT = iphoneos;
				SWIFT_ACTIVE_COMPILATION_CONDITIONS = DEBUG;
				SWIFT_OPTIMIZATION_LEVEL = "-Onone";
			};
			name = Debug;
		};
		F41A4B4F2A87980900CDD95E /* Release */ = {
			isa = XCBuildConfiguration;
			buildSettings = {
				ALWAYS_SEARCH_USER_PATHS = NO;
				CLANG_ANALYZER_NONNULL = YES;
				CLANG_ANALYZER_NUMBER_OBJECT_CONVERSION = YES_AGGRESSIVE;
				CLANG_CXX_LANGUAGE_STANDARD = "gnu++20";
				CLANG_ENABLE_MODULES = YES;
				CLANG_ENABLE_OBJC_ARC = YES;
				CLANG_ENABLE_OBJC_WEAK = YES;
				CLANG_WARN_BLOCK_CAPTURE_AUTORELEASING = YES;
				CLANG_WARN_BOOL_CONVERSION = YES;
				CLANG_WARN_COMMA = YES;
				CLANG_WARN_CONSTANT_CONVERSION = YES;
				CLANG_WARN_DEPRECATED_OBJC_IMPLEMENTATIONS = YES;
				CLANG_WARN_DIRECT_OBJC_ISA_USAGE = YES_ERROR;
				CLANG_WARN_DOCUMENTATION_COMMENTS = YES;
				CLANG_WARN_EMPTY_BODY = YES;
				CLANG_WARN_ENUM_CONVERSION = YES;
				CLANG_WARN_INFINITE_RECURSION = YES;
				CLANG_WARN_INT_CONVERSION = YES;
				CLANG_WARN_NON_LITERAL_NULL_CONVERSION = YES;
				CLANG_WARN_OBJC_IMPLICIT_RETAIN_SELF = YES;
				CLANG_WARN_OBJC_LITERAL_CONVERSION = YES;
				CLANG_WARN_OBJC_ROOT_CLASS = YES_ERROR;
				CLANG_WARN_QUOTED_INCLUDE_IN_FRAMEWORK_HEADER = YES;
				CLANG_WARN_RANGE_LOOP_ANALYSIS = YES;
				CLANG_WARN_STRICT_PROTOTYPES = YES;
				CLANG_WARN_SUSPICIOUS_MOVE = YES;
				CLANG_WARN_UNGUARDED_AVAILABILITY = YES_AGGRESSIVE;
				CLANG_WARN_UNREACHABLE_CODE = YES;
				CLANG_WARN__DUPLICATE_METHOD_MATCH = YES;
				COPY_PHASE_STRIP = NO;
				DEBUG_INFORMATION_FORMAT = "dwarf-with-dsym";
				ENABLE_NS_ASSERTIONS = NO;
				ENABLE_STRICT_OBJC_MSGSEND = YES;
				GCC_C_LANGUAGE_STANDARD = gnu11;
				GCC_NO_COMMON_BLOCKS = YES;
				GCC_WARN_64_TO_32_BIT_CONVERSION = YES;
				GCC_WARN_ABOUT_RETURN_TYPE = YES_ERROR;
				GCC_WARN_UNDECLARED_SELECTOR = YES;
				GCC_WARN_UNINITIALIZED_AUTOS = YES_AGGRESSIVE;
				GCC_WARN_UNUSED_FUNCTION = YES;
				GCC_WARN_UNUSED_VARIABLE = YES;
				IPHONEOS_DEPLOYMENT_TARGET = 16.4;
				MTL_ENABLE_DEBUG_INFO = NO;
				MTL_FAST_MATH = YES;
				SDKROOT = iphoneos;
				SWIFT_COMPILATION_MODE = wholemodule;
				SWIFT_OPTIMIZATION_LEVEL = "-O";
				VALIDATE_PRODUCT = YES;
			};
			name = Release;
		};
		F41A4B512A87980900CDD95E /* Debug */ = {
			isa = XCBuildConfiguration;
			buildSettings = {
				ASSETCATALOG_COMPILER_APPICON_NAME = AppIcon;
				ASSETCATALOG_COMPILER_GLOBAL_ACCENT_COLOR_NAME = AccentColor;
				CODE_SIGN_STYLE = Automatic;
				CURRENT_PROJECT_VERSION = 1;
				DEVELOPMENT_TEAM = N54L2GS5Z3;
				GENERATE_INFOPLIST_FILE = YES;
				INFOPLIST_FILE = Media/Info.plist;
				INFOPLIST_KEY_UIApplicationSupportsIndirectInputEvents = YES;
				INFOPLIST_KEY_UILaunchStoryboardName = LaunchScreen;
				INFOPLIST_KEY_UIMainStoryboardFile = Main;
				INFOPLIST_KEY_UISupportedInterfaceOrientations = UIInterfaceOrientationPortrait;
				INFOPLIST_KEY_UISupportedInterfaceOrientations_iPad = "UIInterfaceOrientationLandscapeLeft UIInterfaceOrientationLandscapeRight UIInterfaceOrientationPortrait UIInterfaceOrientationPortraitUpsideDown";
				IPHONEOS_DEPLOYMENT_TARGET = 16.0;
				LD_RUNPATH_SEARCH_PATHS = (
					"$(inherited)",
					"@executable_path/Frameworks",
				);
				MARKETING_VERSION = 1.0;
				PRODUCT_BUNDLE_IDENTIFIER = eunseo.Media;
				PRODUCT_NAME = "$(TARGET_NAME)";
				SUPPORTED_PLATFORMS = "iphoneos iphonesimulator";
				SUPPORTS_MACCATALYST = NO;
				SUPPORTS_MAC_DESIGNED_FOR_IPHONE_IPAD = NO;
				SWIFT_EMIT_LOC_STRINGS = YES;
				SWIFT_VERSION = 5.0;
				TARGETED_DEVICE_FAMILY = 1;
			};
			name = Debug;
		};
		F41A4B522A87980900CDD95E /* Release */ = {
			isa = XCBuildConfiguration;
			buildSettings = {
				ASSETCATALOG_COMPILER_APPICON_NAME = AppIcon;
				ASSETCATALOG_COMPILER_GLOBAL_ACCENT_COLOR_NAME = AccentColor;
				CODE_SIGN_STYLE = Automatic;
				CURRENT_PROJECT_VERSION = 1;
				DEVELOPMENT_TEAM = N54L2GS5Z3;
				GENERATE_INFOPLIST_FILE = YES;
				INFOPLIST_FILE = Media/Info.plist;
				INFOPLIST_KEY_UIApplicationSupportsIndirectInputEvents = YES;
				INFOPLIST_KEY_UILaunchStoryboardName = LaunchScreen;
				INFOPLIST_KEY_UIMainStoryboardFile = Main;
				INFOPLIST_KEY_UISupportedInterfaceOrientations = UIInterfaceOrientationPortrait;
				INFOPLIST_KEY_UISupportedInterfaceOrientations_iPad = "UIInterfaceOrientationLandscapeLeft UIInterfaceOrientationLandscapeRight UIInterfaceOrientationPortrait UIInterfaceOrientationPortraitUpsideDown";
				IPHONEOS_DEPLOYMENT_TARGET = 16.0;
				LD_RUNPATH_SEARCH_PATHS = (
					"$(inherited)",
					"@executable_path/Frameworks",
				);
				MARKETING_VERSION = 1.0;
				PRODUCT_BUNDLE_IDENTIFIER = eunseo.Media;
				PRODUCT_NAME = "$(TARGET_NAME)";
				SUPPORTED_PLATFORMS = "iphoneos iphonesimulator";
				SUPPORTS_MACCATALYST = NO;
				SUPPORTS_MAC_DESIGNED_FOR_IPHONE_IPAD = NO;
				SWIFT_EMIT_LOC_STRINGS = YES;
				SWIFT_VERSION = 5.0;
				TARGETED_DEVICE_FAMILY = 1;
			};
			name = Release;
		};
/* End XCBuildConfiguration section */

/* Begin XCConfigurationList section */
		F41A4B372A87980800CDD95E /* Build configuration list for PBXProject "Media" */ = {
			isa = XCConfigurationList;
			buildConfigurations = (
				F41A4B4E2A87980900CDD95E /* Debug */,
				F41A4B4F2A87980900CDD95E /* Release */,
			);
			defaultConfigurationIsVisible = 0;
			defaultConfigurationName = Release;
		};
		F41A4B502A87980900CDD95E /* Build configuration list for PBXNativeTarget "Media" */ = {
			isa = XCConfigurationList;
			buildConfigurations = (
				F41A4B512A87980900CDD95E /* Debug */,
				F41A4B522A87980900CDD95E /* Release */,
			);
			defaultConfigurationIsVisible = 0;
			defaultConfigurationName = Release;
		};
/* End XCConfigurationList section */

/* Begin XCRemoteSwiftPackageReference section */
		F41A4B662A8BA69700CDD95E /* XCRemoteSwiftPackageReference "SwiftyJSON" */ = {
			isa = XCRemoteSwiftPackageReference;
			repositoryURL = "https://github.com/SwiftyJSON/SwiftyJSON.git";
			requirement = {
				kind = upToNextMajorVersion;
				minimumVersion = 5.0.0;
			};
		};
		F41A4B692A8BA6A000CDD95E /* XCRemoteSwiftPackageReference "Alamofire" */ = {
			isa = XCRemoteSwiftPackageReference;
			repositoryURL = "https://github.com/Alamofire/Alamofire.git";
			requirement = {
				kind = upToNextMajorVersion;
				minimumVersion = 5.0.0;
			};
		};
		F4E10AD62A98EAC4001B46BE /* XCRemoteSwiftPackageReference "SnapKit" */ = {
			isa = XCRemoteSwiftPackageReference;
			repositoryURL = "https://github.com/SnapKit/SnapKit.git";
			requirement = {
				kind = upToNextMajorVersion;
				minimumVersion = 5.0.0;
			};
		};
/* End XCRemoteSwiftPackageReference section */

/* Begin XCSwiftPackageProductDependency section */
		F41A4B672A8BA69700CDD95E /* SwiftyJSON */ = {
			isa = XCSwiftPackageProductDependency;
			package = F41A4B662A8BA69700CDD95E /* XCRemoteSwiftPackageReference "SwiftyJSON" */;
			productName = SwiftyJSON;
		};
		F41A4B6A2A8BA6A000CDD95E /* Alamofire */ = {
			isa = XCSwiftPackageProductDependency;
			package = F41A4B692A8BA6A000CDD95E /* XCRemoteSwiftPackageReference "Alamofire" */;
			productName = Alamofire;
		};
		F4E10AD72A98EAC4001B46BE /* SnapKit */ = {
			isa = XCSwiftPackageProductDependency;
			package = F4E10AD62A98EAC4001B46BE /* XCRemoteSwiftPackageReference "SnapKit" */;
			productName = SnapKit;
		};
/* End XCSwiftPackageProductDependency section */
	};
	rootObject = F41A4B342A87980800CDD95E /* Project object */;
}
